
Microsoft Visual Studio Solution File, Format Version 12.00
# Visual Studio Version 17
VisualStudioVersion = 17.7.34009.444
MinimumVisualStudioVersion = 10.0.40219.1
Project("{9A19103F-16F7-4668-BE54-9A1E7A4F7556}") = "ConsoleApp1", "ConsoleApp1\ConsoleApp1.csproj", "{C8909B97-80FC-4BE2-AA4B-587556D59F9C}"
EndProject
Project("{9A19103F-16F7-4668-BE54-9A1E7A4F7556}") = "harjoitus 2", "harjoitus 2\harjoitus 2.csproj", "{AC956E1D-1101-40BA-BDC2-B838D36C7C5E}"
EndProject
Project("{9A19103F-16F7-4668-BE54-9A1E7A4F7556}") = "Harjoitus 3", "Harjoitus 3\Harjoitus 3.csproj", "{5AD9ABAF-A97D-4E80-938D-48CADD43C866}"
EndProject
Project("{9A19103F-16F7-4668-BE54-9A1E7A4F7556}") = "Harjoitus 4", "Harjoitus 4\Harjoitus 4.csproj", "{FA2F6366-EDEB-47AF-9AE2-6A76F97BA8CD}"
EndProject
Project("{9A19103F-16F7-4668-BE54-9A1E7A4F7556}") = "Harjoitus 5 K", "Harjoitus 5 K\Harjoitus 5 K.csproj", "{35644033-EFBD-44F8-BDC7-8C41E916DE7B}"
EndProject
Project("{9A19103F-16F7-4668-BE54-9A1E7A4F7556}") = "Harjoitus 6", "Harjoitus 6\Harjoitus 6.csproj", "{8BA18003-942D-4E60-B7AA-95E3053F843D}"
EndProject
Project("{9A19103F-16F7-4668-BE54-9A1E7A4F7556}") = "Harjoitus 7", "Harjoitus 7\Harjoitus 7.csproj", "{7FC74106-6E06-4560-B1F9-B7C3591722B5}"
EndProject
Project("{9A19103F-16F7-4668-BE54-9A1E7A4F7556}") = "Harjoitus 8", "Harjoitus 8\Harjoitus 8.csproj", "{30BE5376-9EC1-4363-B373-356B142A6B87}"
EndProject
Project("{9A19103F-16F7-4668-BE54-9A1E7A4F7556}") = "Harjoitus 9 KT", "Harjoitus 9 KT\Harjoitus 9 KT.csproj", "{71A11553-DD17-4F00-8E49-A90F13F628AB}"
EndProject
Project("{9A19103F-16F7-4668-BE54-9A1E7A4F7556}") = "Harjoitus 9", "Harjoitus 9\Harjoitus 9.csproj", "{B9C9A130-D9C6-4C82-A566-B27CBD4C56B0}"
EndProject
Project("{9A19103F-16F7-4668-BE54-9A1E7A4F7556}") = "Harjoitus 10", "Harjoitus 10\Harjoitus 10.csproj", "{4249A30F-CE4C-4E83-A522-0134890327F1}"
EndProject
Project("{9A19103F-16F7-4668-BE54-9A1E7A4F7556}") = "Harjoitus 11", "Harjoitus 11\Harjoitus 11.csproj", "{55BA6FE2-A5F9-4966-87E9-1ACAFBAA40AE}"
EndProject
Project("{9A19103F-16F7-4668-BE54-9A1E7A4F7556}") = "Harjoitus 12", "Harjoitus 12\Harjoitus 12.csproj", "{9A055171-C976-4ED7-89C3-EA41AC7F9CAF}"
EndProject
Project("{9A19103F-16F7-4668-BE54-9A1E7A4F7556}") = "Harjoitus 13", "Harjoitus 13\Harjoitus 13.csproj", "{E16DE68E-F313-460B-ADB0-ED4821817C58}"
EndProject
Project("{9A19103F-16F7-4668-BE54-9A1E7A4F7556}") = "Harjoitus 14", "Harjoitus 14\Harjoitus 14.csproj", "{CFB3FF35-99AD-4F22-B69E-2EED5290586E}"
EndProject
Project("{FAE04EC0-301F-11D3-BF4B-00C04F79EFBC}") = "Harjoitus 15 (WPF)", "Harjoitus 15 (WPF)\Harjoitus 15 (WPF).csproj", "{02A14043-467D-43F8-B2A6-4DBC1A278A65}"
EndProject
Project("{FAE04EC0-301F-11D3-BF4B-00C04F79EFBC}") = "harjoitus 16 (WPF)", "harjoitus 16 (WPF)\harjoitus 16 (WPF).csproj", "{283B5DCF-ADBB-40E3-819A-7A2D2AB02B7A}"
EndProject
Project("{FAE04EC0-301F-11D3-BF4B-00C04F79EFBC}") = "harjoitus 19", "harjoitus 19\harjoitus 19.csproj", "{3024C597-61AD-413A-B053-AEC6E7B3AD89}"
EndProject
Project("{FAE04EC0-301F-11D3-BF4B-00C04F79EFBC}") = "harjoitus 17 wpf", "harjoitus 17 wpf\harjoitus 17 wpf.csproj", "{DC45F7AF-3481-417E-BE2E-E9D8A3862E62}"
EndProject
Project("{FAE04EC0-301F-11D3-BF4B-00C04F79EFBC}") = "Harjoitus 18 wpf", "Harjoitus 18 wpf\Harjoitus 18 wpf.csproj", "{F8357E66-8A76-42E6-9253-242BC7DD2052}"
EndProject
Project("{FAE04EC0-301F-11D3-BF4B-00C04F79EFBC}") = "Harjoitus 20 wpf", "Harjoitus 20 wpf\Harjoitus 20 wpf.csproj", "{E4A1F55D-A197-4B75-A626-D08F12162891}"
EndProject
Project("{FAE04EC0-301F-11D3-BF4B-00C04F79EFBC}") = "harjoitus 21 wpf", "harjoitus 21 wpf\harjoitus 21 wpf.csproj", "{8D3FB688-8080-433B-9370-505892B86C4F}"
EndProject
Project("{FAE04EC0-301F-11D3-BF4B-00C04F79EFBC}") = "Harjoitus 22 wpf", "Harjoitus 22 wpf\Harjoitus 22 wpf.csproj", "{F76EBDCB-0319-4102-BFA3-D994F2BBFD3E}"
EndProject
Project("{FAE04EC0-301F-11D3-BF4B-00C04F79EFBC}") = "harjoitus 23 wpf", "harjoitus 23 wpf\harjoitus 23 wpf.csproj", "{B3001C3B-A13B-46FA-A052-45E606D63464}"
EndProject
Project("{FAE04EC0-301F-11D3-BF4B-00C04F79EFBC}") = "Harjoitus 24", "Harjoitus 24\Harjoitus 24.csproj", "{1BB0CF2D-26B4-4C6F-8546-39ECF666034D}"
EndProject
Project("{FAE04EC0-301F-11D3-BF4B-00C04F79EFBC}") = "Harjoitus 26 wpf", "Harjoitus 26 wpf\Harjoitus 26 wpf.csproj", "{C2265059-CE7A-46BF-BFA4-D5528795000B}"
EndProject
Global
	GlobalSection(SolutionConfigurationPlatforms) = preSolution
		Debug|Any CPU = Debug|Any CPU
		Release|Any CPU = Release|Any CPU
	EndGlobalSection
	GlobalSection(ProjectConfigurationPlatforms) = postSolution
		{C8909B97-80FC-4BE2-AA4B-587556D59F9C}.Debug|Any CPU.ActiveCfg = Debug|Any CPU
		{C8909B97-80FC-4BE2-AA4B-587556D59F9C}.Debug|Any CPU.Build.0 = Debug|Any CPU
		{C8909B97-80FC-4BE2-AA4B-587556D59F9C}.Release|Any CPU.ActiveCfg = Release|Any CPU
		{C8909B97-80FC-4BE2-AA4B-587556D59F9C}.Release|Any CPU.Build.0 = Release|Any CPU
		{AC956E1D-1101-40BA-BDC2-B838D36C7C5E}.Debug|Any CPU.ActiveCfg = Debug|Any CPU
		{AC956E1D-1101-40BA-BDC2-B838D36C7C5E}.Debug|Any CPU.Build.0 = Debug|Any CPU
		{AC956E1D-1101-40BA-BDC2-B838D36C7C5E}.Release|Any CPU.ActiveCfg = Release|Any CPU
		{AC956E1D-1101-40BA-BDC2-B838D36C7C5E}.Release|Any CPU.Build.0 = Release|Any CPU
		{5AD9ABAF-A97D-4E80-938D-48CADD43C866}.Debug|Any CPU.ActiveCfg = Debug|Any CPU
		{5AD9ABAF-A97D-4E80-938D-48CADD43C866}.Debug|Any CPU.Build.0 = Debug|Any CPU
		{5AD9ABAF-A97D-4E80-938D-48CADD43C866}.Release|Any CPU.ActiveCfg = Release|Any CPU
		{5AD9ABAF-A97D-4E80-938D-48CADD43C866}.Release|Any CPU.Build.0 = Release|Any CPU
		{FA2F6366-EDEB-47AF-9AE2-6A76F97BA8CD}.Debug|Any CPU.ActiveCfg = Debug|Any CPU
		{FA2F6366-EDEB-47AF-9AE2-6A76F97BA8CD}.Debug|Any CPU.Build.0 = Debug|Any CPU
		{FA2F6366-EDEB-47AF-9AE2-6A76F97BA8CD}.Release|Any CPU.ActiveCfg = Release|Any CPU
		{FA2F6366-EDEB-47AF-9AE2-6A76F97BA8CD}.Release|Any CPU.Build.0 = Release|Any CPU
		{35644033-EFBD-44F8-BDC7-8C41E916DE7B}.Debug|Any CPU.ActiveCfg = Debug|Any CPU
		{35644033-EFBD-44F8-BDC7-8C41E916DE7B}.Debug|Any CPU.Build.0 = Debug|Any CPU
		{35644033-EFBD-44F8-BDC7-8C41E916DE7B}.Release|Any CPU.ActiveCfg = Release|Any CPU
		{35644033-EFBD-44F8-BDC7-8C41E916DE7B}.Release|Any CPU.Build.0 = Release|Any CPU
		{8BA18003-942D-4E60-B7AA-95E3053F843D}.Debug|Any CPU.ActiveCfg = Debug|Any CPU
		{8BA18003-942D-4E60-B7AA-95E3053F843D}.Debug|Any CPU.Build.0 = Debug|Any CPU
		{8BA18003-942D-4E60-B7AA-95E3053F843D}.Release|Any CPU.ActiveCfg = Release|Any CPU
		{8BA18003-942D-4E60-B7AA-95E3053F843D}.Release|Any CPU.Build.0 = Release|Any CPU
		{7FC74106-6E06-4560-B1F9-B7C3591722B5}.Debug|Any CPU.ActiveCfg = Debug|Any CPU
		{7FC74106-6E06-4560-B1F9-B7C3591722B5}.Debug|Any CPU.Build.0 = Debug|Any CPU
		{7FC74106-6E06-4560-B1F9-B7C3591722B5}.Release|Any CPU.ActiveCfg = Release|Any CPU
		{7FC74106-6E06-4560-B1F9-B7C3591722B5}.Release|Any CPU.Build.0 = Release|Any CPU
		{30BE5376-9EC1-4363-B373-356B142A6B87}.Debug|Any CPU.ActiveCfg = Debug|Any CPU
		{30BE5376-9EC1-4363-B373-356B142A6B87}.Debug|Any CPU.Build.0 = Debug|Any CPU
		{30BE5376-9EC1-4363-B373-356B142A6B87}.Release|Any CPU.ActiveCfg = Release|Any CPU
		{30BE5376-9EC1-4363-B373-356B142A6B87}.Release|Any CPU.Build.0 = Release|Any CPU
		{71A11553-DD17-4F00-8E49-A90F13F628AB}.Debug|Any CPU.ActiveCfg = Debug|Any CPU
		{71A11553-DD17-4F00-8E49-A90F13F628AB}.Debug|Any CPU.Build.0 = Debug|Any CPU
		{71A11553-DD17-4F00-8E49-A90F13F628AB}.Release|Any CPU.ActiveCfg = Release|Any CPU
		{71A11553-DD17-4F00-8E49-A90F13F628AB}.Release|Any CPU.Build.0 = Release|Any CPU
		{B9C9A130-D9C6-4C82-A566-B27CBD4C56B0}.Debug|Any CPU.ActiveCfg = Debug|Any CPU
		{B9C9A130-D9C6-4C82-A566-B27CBD4C56B0}.Debug|Any CPU.Build.0 = Debug|Any CPU
		{B9C9A130-D9C6-4C82-A566-B27CBD4C56B0}.Release|Any CPU.ActiveCfg = Release|Any CPU
		{B9C9A130-D9C6-4C82-A566-B27CBD4C56B0}.Release|Any CPU.Build.0 = Release|Any CPU
		{4249A30F-CE4C-4E83-A522-0134890327F1}.Debug|Any CPU.ActiveCfg = Debug|Any CPU
		{4249A30F-CE4C-4E83-A522-0134890327F1}.Debug|Any CPU.Build.0 = Debug|Any CPU
		{4249A30F-CE4C-4E83-A522-0134890327F1}.Release|Any CPU.ActiveCfg = Release|Any CPU
		{4249A30F-CE4C-4E83-A522-0134890327F1}.Release|Any CPU.Build.0 = Release|Any CPU
		{55BA6FE2-A5F9-4966-87E9-1ACAFBAA40AE}.Debug|Any CPU.ActiveCfg = Debug|Any CPU
		{55BA6FE2-A5F9-4966-87E9-1ACAFBAA40AE}.Debug|Any CPU.Build.0 = Debug|Any CPU
		{55BA6FE2-A5F9-4966-87E9-1ACAFBAA40AE}.Release|Any CPU.ActiveCfg = Release|Any CPU
		{55BA6FE2-A5F9-4966-87E9-1ACAFBAA40AE}.Release|Any CPU.Build.0 = Release|Any CPU
		{9A055171-C976-4ED7-89C3-EA41AC7F9CAF}.Debug|Any CPU.ActiveCfg = Debug|Any CPU
		{9A055171-C976-4ED7-89C3-EA41AC7F9CAF}.Debug|Any CPU.Build.0 = Debug|Any CPU
		{9A055171-C976-4ED7-89C3-EA41AC7F9CAF}.Release|Any CPU.ActiveCfg = Release|Any CPU
		{9A055171-C976-4ED7-89C3-EA41AC7F9CAF}.Release|Any CPU.Build.0 = Release|Any CPU
		{E16DE68E-F313-460B-ADB0-ED4821817C58}.Debug|Any CPU.ActiveCfg = Debug|Any CPU
		{E16DE68E-F313-460B-ADB0-ED4821817C58}.Debug|Any CPU.Build.0 = Debug|Any CPU
		{E16DE68E-F313-460B-ADB0-ED4821817C58}.Release|Any CPU.ActiveCfg = Release|Any CPU
		{E16DE68E-F313-460B-ADB0-ED4821817C58}.Release|Any CPU.Build.0 = Release|Any CPU
		{CFB3FF35-99AD-4F22-B69E-2EED5290586E}.Debug|Any CPU.ActiveCfg = Debug|Any CPU
		{CFB3FF35-99AD-4F22-B69E-2EED5290586E}.Debug|Any CPU.Build.0 = Debug|Any CPU
		{CFB3FF35-99AD-4F22-B69E-2EED5290586E}.Release|Any CPU.ActiveCfg = Release|Any CPU
		{CFB3FF35-99AD-4F22-B69E-2EED5290586E}.Release|Any CPU.Build.0 = Release|Any CPU
		{02A14043-467D-43F8-B2A6-4DBC1A278A65}.Debug|Any CPU.ActiveCfg = Debug|Any CPU
		{02A14043-467D-43F8-B2A6-4DBC1A278A65}.Debug|Any CPU.Build.0 = Debug|Any CPU
		{02A14043-467D-43F8-B2A6-4DBC1A278A65}.Release|Any CPU.ActiveCfg = Release|Any CPU
		{02A14043-467D-43F8-B2A6-4DBC1A278A65}.Release|Any CPU.Build.0 = Release|Any CPU
		{283B5DCF-ADBB-40E3-819A-7A2D2AB02B7A}.Debug|Any CPU.ActiveCfg = Debug|Any CPU
		{283B5DCF-ADBB-40E3-819A-7A2D2AB02B7A}.Debug|Any CPU.Build.0 = Debug|Any CPU
		{283B5DCF-ADBB-40E3-819A-7A2D2AB02B7A}.Release|Any CPU.ActiveCfg = Release|Any CPU
		{283B5DCF-ADBB-40E3-819A-7A2D2AB02B7A}.Release|Any CPU.Build.0 = Release|Any CPU
		{3024C597-61AD-413A-B053-AEC6E7B3AD89}.Debug|Any CPU.ActiveCfg = Debug|Any CPU
		{3024C597-61AD-413A-B053-AEC6E7B3AD89}.Debug|Any CPU.Build.0 = Debug|Any CPU
		{3024C597-61AD-413A-B053-AEC6E7B3AD89}.Release|Any CPU.ActiveCfg = Release|Any CPU
		{3024C597-61AD-413A-B053-AEC6E7B3AD89}.Release|Any CPU.Build.0 = Release|Any CPU
		{DC45F7AF-3481-417E-BE2E-E9D8A3862E62}.Debug|Any CPU.ActiveCfg = Debug|Any CPU
		{DC45F7AF-3481-417E-BE2E-E9D8A3862E62}.Debug|Any CPU.Build.0 = Debug|Any CPU
		{DC45F7AF-3481-417E-BE2E-E9D8A3862E62}.Release|Any CPU.ActiveCfg = Release|Any CPU
		{DC45F7AF-3481-417E-BE2E-E9D8A3862E62}.Release|Any CPU.Build.0 = Release|Any CPU
		{F8357E66-8A76-42E6-9253-242BC7DD2052}.Debug|Any CPU.ActiveCfg = Debug|Any CPU
		{F8357E66-8A76-42E6-9253-242BC7DD2052}.Debug|Any CPU.Build.0 = Debug|Any CPU
		{F8357E66-8A76-42E6-9253-242BC7DD2052}.Release|Any CPU.ActiveCfg = Release|Any CPU
		{F8357E66-8A76-42E6-9253-242BC7DD2052}.Release|Any CPU.Build.0 = Release|Any CPU
		{E4A1F55D-A197-4B75-A626-D08F12162891}.Debug|Any CPU.ActiveCfg = Debug|Any CPU
		{E4A1F55D-A197-4B75-A626-D08F12162891}.Debug|Any CPU.Build.0 = Debug|Any CPU
		{E4A1F55D-A197-4B75-A626-D08F12162891}.Release|Any CPU.ActiveCfg = Release|Any CPU
		{E4A1F55D-A197-4B75-A626-D08F12162891}.Release|Any CPU.Build.0 = Release|Any CPU
		{8D3FB688-8080-433B-9370-505892B86C4F}.Debug|Any CPU.ActiveCfg = Debug|Any CPU
		{8D3FB688-8080-433B-9370-505892B86C4F}.Debug|Any CPU.Build.0 = Debug|Any CPU
		{8D3FB688-8080-433B-9370-505892B86C4F}.Release|Any CPU.ActiveCfg = Release|Any CPU
		{8D3FB688-8080-433B-9370-505892B86C4F}.Release|Any CPU.Build.0 = Release|Any CPU
		{F76EBDCB-0319-4102-BFA3-D994F2BBFD3E}.Debug|Any CPU.ActiveCfg = Debug|Any CPU
		{F76EBDCB-0319-4102-BFA3-D994F2BBFD3E}.Debug|Any CPU.Build.0 = Debug|Any CPU
		{F76EBDCB-0319-4102-BFA3-D994F2BBFD3E}.Release|Any CPU.ActiveCfg = Release|Any CPU
		{F76EBDCB-0319-4102-BFA3-D994F2BBFD3E}.Release|Any CPU.Build.0 = Release|Any CPU
		{B3001C3B-A13B-46FA-A052-45E606D63464}.Debug|Any CPU.ActiveCfg = Debug|Any CPU
		{B3001C3B-A13B-46FA-A052-45E606D63464}.Debug|Any CPU.Build.0 = Debug|Any CPU
		{B3001C3B-A13B-46FA-A052-45E606D63464}.Release|Any CPU.ActiveCfg = Release|Any CPU
		{B3001C3B-A13B-46FA-A052-45E606D63464}.Release|Any CPU.Build.0 = Release|Any CPU
		{1BB0CF2D-26B4-4C6F-8546-39ECF666034D}.Debug|Any CPU.ActiveCfg = Debug|Any CPU
		{1BB0CF2D-26B4-4C6F-8546-39ECF666034D}.Debug|Any CPU.Build.0 = Debug|Any CPU
		{1BB0CF2D-26B4-4C6F-8546-39ECF666034D}.Release|Any CPU.ActiveCfg = Release|Any CPU
		{1BB0CF2D-26B4-4C6F-8546-39ECF666034D}.Release|Any CPU.Build.0 = Release|Any CPU
		{C2265059-CE7A-46BF-BFA4-D5528795000B}.Debug|Any CPU.ActiveCfg = Debug|Any CPU
		{C2265059-CE7A-46BF-BFA4-D5528795000B}.Debug|Any CPU.Build.0 = Debug|Any CPU
		{C2265059-CE7A-46BF-BFA4-D5528795000B}.Release|Any CPU.ActiveCfg = Release|Any CPU
		{C2265059-CE7A-46BF-BFA4-D5528795000B}.Release|Any CPU.Build.0 = Release|Any CPU
	EndGlobalSection
	GlobalSection(SolutionProperties) = preSolution
		HideSolutionNode = FALSE
	EndGlobalSection
	GlobalSection(ExtensibilityGlobals) = postSolution
		SolutionGuid = {802B2E88-2518-4225-BDC0-888AD1FFD565}
	EndGlobalSection
EndGlobal
