
Microsoft Visual Studio Solution File, Format Version 12.00
# Visual Studio Version 17
VisualStudioVersion = 17.7.34009.444
MinimumVisualStudioVersion = 10.0.40219.1
Project("{FAE04EC0-301F-11D3-BF4B-00C04F79EFBC}") = "ConsoleApp1", "ConsoleApp1\ConsoleApp1.csproj", "{C8909B97-80FC-4BE2-AA4B-587556D59F9C}"
EndProject
Project("{FAE04EC0-301F-11D3-BF4B-00C04F79EFBC}") = "harjoitus 2", "harjoitus 2\harjoitus 2.csproj", "{AC956E1D-1101-40BA-BDC2-B838D36C7C5E}"
EndProject
Project("{FAE04EC0-301F-11D3-BF4B-00C04F79EFBC}") = "Harjoitus 3", "Harjoitus 3\Harjoitus 3.csproj", "{5AD9ABAF-A97D-4E80-938D-48CADD43C866}"
EndProject
Project("{FAE04EC0-301F-11D3-BF4B-00C04F79EFBC}") = "Harjoitus 4", "Harjoitus 4\Harjoitus 4.csproj", "{FA2F6366-EDEB-47AF-9AE2-6A76F97BA8CD}"
EndProject
Project("{FAE04EC0-301F-11D3-BF4B-00C04F79EFBC}") = "Harjoitus 5 K", "Harjoitus 5 K\Harjoitus 5 K.csproj", "{35644033-EFBD-44F8-BDC7-8C41E916DE7B}"
EndProject
Project("{FAE04EC0-301F-11D3-BF4B-00C04F79EFBC}") = "Harjoitus 6", "Harjoitus 6\Harjoitus 6.csproj", "{8BA18003-942D-4E60-B7AA-95E3053F843D}"
EndProject
Project("{FAE04EC0-301F-11D3-BF4B-00C04F79EFBC}") = "Harjoitus 7", "Harjoitus 7\Harjoitus 7.csproj", "{7FC74106-6E06-4560-B1F9-B7C3591722B5}"
EndProject
Project("{FAE04EC0-301F-11D3-BF4B-00C04F79EFBC}") = "Harjoitus 8", "Harjoitus 8\Harjoitus 8.csproj", "{30BE5376-9EC1-4363-B373-356B142A6B87}"
EndProject
Global
	GlobalSection(SolutionConfigurationPlatforms) = preSolution
		Debug|Any CPU = Debug|Any CPU
		Release|Any CPU = Release|Any CPU
	EndGlobalSection
	GlobalSection(ProjectConfigurationPlatforms) = postSolution
		{C8909B97-80FC-4BE2-AA4B-587556D59F9C}.Debug|Any CPU.ActiveCfg = Debug|Any CPU
		{C8909B97-80FC-4BE2-AA4B-587556D59F9C}.Debug|Any CPU.Build.0 = Debug|Any CPU
		{C8909B97-80FC-4BE2-AA4B-587556D59F9C}.Release|Any CPU.ActiveCfg = Release|Any CPU
		{C8909B97-80FC-4BE2-AA4B-587556D59F9C}.Release|Any CPU.Build.0 = Release|Any CPU
		{AC956E1D-1101-40BA-BDC2-B838D36C7C5E}.Debug|Any CPU.ActiveCfg = Debug|Any CPU
		{AC956E1D-1101-40BA-BDC2-B838D36C7C5E}.Debug|Any CPU.Build.0 = Debug|Any CPU
		{AC956E1D-1101-40BA-BDC2-B838D36C7C5E}.Release|Any CPU.ActiveCfg = Release|Any CPU
		{AC956E1D-1101-40BA-BDC2-B838D36C7C5E}.Release|Any CPU.Build.0 = Release|Any CPU
		{5AD9ABAF-A97D-4E80-938D-48CADD43C866}.Debug|Any CPU.ActiveCfg = Debug|Any CPU
		{5AD9ABAF-A97D-4E80-938D-48CADD43C866}.Debug|Any CPU.Build.0 = Debug|Any CPU
		{5AD9ABAF-A97D-4E80-938D-48CADD43C866}.Release|Any CPU.ActiveCfg = Release|Any CPU
		{5AD9ABAF-A97D-4E80-938D-48CADD43C866}.Release|Any CPU.Build.0 = Release|Any CPU
		{FA2F6366-EDEB-47AF-9AE2-6A76F97BA8CD}.Debug|Any CPU.ActiveCfg = Debug|Any CPU
		{FA2F6366-EDEB-47AF-9AE2-6A76F97BA8CD}.Debug|Any CPU.Build.0 = Debug|Any CPU
		{FA2F6366-EDEB-47AF-9AE2-6A76F97BA8CD}.Release|Any CPU.ActiveCfg = Release|Any CPU
		{FA2F6366-EDEB-47AF-9AE2-6A76F97BA8CD}.Release|Any CPU.Build.0 = Release|Any CPU
		{35644033-EFBD-44F8-BDC7-8C41E916DE7B}.Debug|Any CPU.ActiveCfg = Debug|Any CPU
		{35644033-EFBD-44F8-BDC7-8C41E916DE7B}.Debug|Any CPU.Build.0 = Debug|Any CPU
		{35644033-EFBD-44F8-BDC7-8C41E916DE7B}.Release|Any CPU.ActiveCfg = Release|Any CPU
		{35644033-EFBD-44F8-BDC7-8C41E916DE7B}.Release|Any CPU.Build.0 = Release|Any CPU
		{8BA18003-942D-4E60-B7AA-95E3053F843D}.Debug|Any CPU.ActiveCfg = Debug|Any CPU
		{8BA18003-942D-4E60-B7AA-95E3053F843D}.Debug|Any CPU.Build.0 = Debug|Any CPU
		{8BA18003-942D-4E60-B7AA-95E3053F843D}.Release|Any CPU.ActiveCfg = Release|Any CPU
		{8BA18003-942D-4E60-B7AA-95E3053F843D}.Release|Any CPU.Build.0 = Release|Any CPU
		{7FC74106-6E06-4560-B1F9-B7C3591722B5}.Debug|Any CPU.ActiveCfg = Debug|Any CPU
		{7FC74106-6E06-4560-B1F9-B7C3591722B5}.Debug|Any CPU.Build.0 = Debug|Any CPU
		{7FC74106-6E06-4560-B1F9-B7C3591722B5}.Release|Any CPU.ActiveCfg = Release|Any CPU
		{7FC74106-6E06-4560-B1F9-B7C3591722B5}.Release|Any CPU.Build.0 = Release|Any CPU
		{30BE5376-9EC1-4363-B373-356B142A6B87}.Debug|Any CPU.ActiveCfg = Debug|Any CPU
		{30BE5376-9EC1-4363-B373-356B142A6B87}.Debug|Any CPU.Build.0 = Debug|Any CPU
		{30BE5376-9EC1-4363-B373-356B142A6B87}.Release|Any CPU.ActiveCfg = Release|Any CPU
		{30BE5376-9EC1-4363-B373-356B142A6B87}.Release|Any CPU.Build.0 = Release|Any CPU
	EndGlobalSection
	GlobalSection(SolutionProperties) = preSolution
		HideSolutionNode = FALSE
	EndGlobalSection
	GlobalSection(ExtensibilityGlobals) = postSolution
		SolutionGuid = {802B2E88-2518-4225-BDC0-888AD1FFD565}
	EndGlobalSection
EndGlobal
